// !$*UTF8*$!
{
	archiveVersion = 1;
	classes = {
	};
	objectVersion = 46;
	objects = {

/* Begin PBXBuildFile section */
		109485621BBD7D7F009D1B46 /* Spil.m in Sources */ = {isa = PBXBuildFile; fileRef = 109485611BBD7D7F009D1B46 /* Spil.m */; };
		1094857B1BBD7DE3009D1B46 /* HookBridge.mm in Sources */ = {isa = PBXBuildFile; fileRef = 1094856E1BBD7DE3009D1B46 /* HookBridge.mm */; };
		1094857C1BBD7DE3009D1B46 /* HookBridge.h in Headers */ = {isa = PBXBuildFile; fileRef = 1094856F1BBD7DE3009D1B46 /* HookBridge.h */; settings = {ATTRIBUTES = (Public, ); }; };
		1409568A1DF5490C00256F07 /* AdProvider.h in Headers */ = {isa = PBXBuildFile; fileRef = 140956801DF5490C00256F07 /* AdProvider.h */; };
		1409568B1DF5490C00256F07 /* AdProvider.m in Sources */ = {isa = PBXBuildFile; fileRef = 140956811DF5490C00256F07 /* AdProvider.m */; };
		1409568E1DF5490C00256F07 /* AppLovinAdProvider.h in Headers */ = {isa = PBXBuildFile; fileRef = 140956841DF5490C00256F07 /* AppLovinAdProvider.h */; };
		1409568F1DF5490C00256F07 /* AppLovinAdProvider.m in Sources */ = {isa = PBXBuildFile; fileRef = 140956851DF5490C00256F07 /* AppLovinAdProvider.m */; };
		140956921DF5490C00256F07 /* SpilAdvertisementHandler.h in Headers */ = {isa = PBXBuildFile; fileRef = 140956881DF5490C00256F07 /* SpilAdvertisementHandler.h */; };
		140956931DF5490C00256F07 /* SpilAdvertisementHandler.m in Sources */ = {isa = PBXBuildFile; fileRef = 140956891DF5490C00256F07 /* SpilAdvertisementHandler.m */; };
		140956B21DF5491700256F07 /* ALAd.h in Headers */ = {isa = PBXBuildFile; fileRef = 140956971DF5491700256F07 /* ALAd.h */; };
		140956B31DF5491700256F07 /* ALAdDisplayDelegate.h in Headers */ = {isa = PBXBuildFile; fileRef = 140956981DF5491700256F07 /* ALAdDisplayDelegate.h */; };
		140956B41DF5491700256F07 /* ALAdLoadDelegate.h in Headers */ = {isa = PBXBuildFile; fileRef = 140956991DF5491700256F07 /* ALAdLoadDelegate.h */; };
		140956B51DF5491700256F07 /* ALAdRewardDelegate.h in Headers */ = {isa = PBXBuildFile; fileRef = 1409569A1DF5491700256F07 /* ALAdRewardDelegate.h */; };
		140956B61DF5491700256F07 /* ALAdService.h in Headers */ = {isa = PBXBuildFile; fileRef = 1409569B1DF5491700256F07 /* ALAdService.h */; };
		140956B71DF5491700256F07 /* ALAdSize.h in Headers */ = {isa = PBXBuildFile; fileRef = 1409569C1DF5491700256F07 /* ALAdSize.h */; };
		140956B81DF5491700256F07 /* ALAdType.h in Headers */ = {isa = PBXBuildFile; fileRef = 1409569D1DF5491700256F07 /* ALAdType.h */; };
		140956B91DF5491700256F07 /* ALAdUpdateDelegate.h in Headers */ = {isa = PBXBuildFile; fileRef = 1409569E1DF5491700256F07 /* ALAdUpdateDelegate.h */; };
		140956BA1DF5491700256F07 /* ALAdVideoPlaybackDelegate.h in Headers */ = {isa = PBXBuildFile; fileRef = 1409569F1DF5491700256F07 /* ALAdVideoPlaybackDelegate.h */; };
		140956BB1DF5491700256F07 /* ALAdView.h in Headers */ = {isa = PBXBuildFile; fileRef = 140956A01DF5491700256F07 /* ALAdView.h */; };
		140956BC1DF5491700256F07 /* ALAnnotations.h in Headers */ = {isa = PBXBuildFile; fileRef = 140956A11DF5491700256F07 /* ALAnnotations.h */; };
		140956BD1DF5491700256F07 /* ALErrorCodes.h in Headers */ = {isa = PBXBuildFile; fileRef = 140956A21DF5491700256F07 /* ALErrorCodes.h */; };
		140956BE1DF5491700256F07 /* ALEventService.h in Headers */ = {isa = PBXBuildFile; fileRef = 140956A31DF5491700256F07 /* ALEventService.h */; };
		140956BF1DF5491700256F07 /* ALEventTypes.h in Headers */ = {isa = PBXBuildFile; fileRef = 140956A41DF5491700256F07 /* ALEventTypes.h */; };
		140956C01DF5491700256F07 /* ALIncentivizedInterstitialAd.h in Headers */ = {isa = PBXBuildFile; fileRef = 140956A51DF5491700256F07 /* ALIncentivizedInterstitialAd.h */; };
		140956C11DF5491700256F07 /* ALInterstitialAd.h in Headers */ = {isa = PBXBuildFile; fileRef = 140956A61DF5491700256F07 /* ALInterstitialAd.h */; };
		140956C21DF5491700256F07 /* ALNativeAd.h in Headers */ = {isa = PBXBuildFile; fileRef = 140956A71DF5491700256F07 /* ALNativeAd.h */; };
		140956C31DF5491700256F07 /* ALNativeAdLoadDelegate.h in Headers */ = {isa = PBXBuildFile; fileRef = 140956A81DF5491700256F07 /* ALNativeAdLoadDelegate.h */; };
		140956C41DF5491700256F07 /* ALNativeAdPrecacheDelegate.h in Headers */ = {isa = PBXBuildFile; fileRef = 140956A91DF5491700256F07 /* ALNativeAdPrecacheDelegate.h */; };
		140956C51DF5491700256F07 /* ALNativeAdService.h in Headers */ = {isa = PBXBuildFile; fileRef = 140956AA1DF5491700256F07 /* ALNativeAdService.h */; };
		140956C61DF5491700256F07 /* ALPostbackDelegate.h in Headers */ = {isa = PBXBuildFile; fileRef = 140956AB1DF5491700256F07 /* ALPostbackDelegate.h */; };
		140956C71DF5491700256F07 /* ALPostbackService.h in Headers */ = {isa = PBXBuildFile; fileRef = 140956AC1DF5491700256F07 /* ALPostbackService.h */; };
		140956C81DF5491700256F07 /* ALSdk.h in Headers */ = {isa = PBXBuildFile; fileRef = 140956AD1DF5491700256F07 /* ALSdk.h */; };
		140956C91DF5491700256F07 /* ALSdkSettings.h in Headers */ = {isa = PBXBuildFile; fileRef = 140956AE1DF5491700256F07 /* ALSdkSettings.h */; };
		140956CA1DF5491700256F07 /* ALSwiftHeaders.h in Headers */ = {isa = PBXBuildFile; fileRef = 140956AF1DF5491700256F07 /* ALSwiftHeaders.h */; };
		140956CB1DF5491700256F07 /* ALTargetingData.h in Headers */ = {isa = PBXBuildFile; fileRef = 140956B01DF5491700256F07 /* ALTargetingData.h */; };
		140956CC1DF5491700256F07 /* libAppLovinTVOS.a in Frameworks */ = {isa = PBXBuildFile; fileRef = 140956B11DF5491700256F07 /* libAppLovinTVOS.a */; };
		1435C8871D659224000EAA9F /* NSString+Extensions.h in Headers */ = {isa = PBXBuildFile; fileRef = 1435C8831D659224000EAA9F /* NSString+Extensions.h */; settings = {ATTRIBUTES = (Public, ); }; };
		1435C8881D659224000EAA9F /* NSString+Extensions.m in Sources */ = {isa = PBXBuildFile; fileRef = 1435C8841D659224000EAA9F /* NSString+Extensions.m */; };
		1435C88B1D6592FE000EAA9F /* Util.h in Headers */ = {isa = PBXBuildFile; fileRef = 1435C8891D6592FE000EAA9F /* Util.h */; };
		1435C88C1D6592FE000EAA9F /* Util.m in Sources */ = {isa = PBXBuildFile; fileRef = 1435C88A1D6592FE000EAA9F /* Util.m */; };
		14828BB31DA274FC00414EA7 /* NotificationUtil.h in Headers */ = {isa = PBXBuildFile; fileRef = 14828BB11DA274FC00414EA7 /* NotificationUtil.h */; };
		14828BB41DA274FC00414EA7 /* NotificationUtil.m in Sources */ = {isa = PBXBuildFile; fileRef = 14828BB21DA274FC00414EA7 /* NotificationUtil.m */; };
		CC21F1FC1CD8820A00EC9020 /* SpilAppStoreHandler.h in Headers */ = {isa = PBXBuildFile; fileRef = CC21F1FA1CD8820A00EC9020 /* SpilAppStoreHandler.h */; };
		CC21F1FD1CD8820A00EC9020 /* SpilAppStoreHandler.m in Sources */ = {isa = PBXBuildFile; fileRef = CC21F1FB1CD8820A00EC9020 /* SpilAppStoreHandler.m */; };
		CC21F2001CD8D16000EC9020 /* AppStoreRequestData.h in Headers */ = {isa = PBXBuildFile; fileRef = CC21F1FE1CD8D16000EC9020 /* AppStoreRequestData.h */; };
		CC21F2011CD8D16000EC9020 /* AppStoreRequestData.m in Sources */ = {isa = PBXBuildFile; fileRef = CC21F1FF1CD8D16000EC9020 /* AppStoreRequestData.m */; };
		CC2431F91D361FE1006B813D /* SpilAnalyticsHandler.h in Headers */ = {isa = PBXBuildFile; fileRef = CC2431F71D361FE1006B813D /* SpilAnalyticsHandler.h */; };
		CC2431FA1D361FE1006B813D /* SpilAnalyticsHandler.m in Sources */ = {isa = PBXBuildFile; fileRef = CC2431F81D361FE1006B813D /* SpilAnalyticsHandler.m */; };
		CC5147A01CF317F7005EE8A8 /* JsonUtil.h in Headers */ = {isa = PBXBuildFile; fileRef = CC51479E1CF317F7005EE8A8 /* JsonUtil.h */; settings = {ATTRIBUTES = (Public, ); }; };
		CC5147A11CF317F7005EE8A8 /* JsonUtil.m in Sources */ = {isa = PBXBuildFile; fileRef = CC51479F1CF317F7005EE8A8 /* JsonUtil.m */; };
		CC74500B1CBB7DEE000DB9CA /* project.entitlements in Resources */ = {isa = PBXBuildFile; fileRef = CC74500A1CBB7DEE000DB9CA /* project.entitlements */; };
		CC95D5BF1CEB4F32002E0B8D /* UserProfile.h in Headers */ = {isa = PBXBuildFile; fileRef = CC95D5BD1CEB4F32002E0B8D /* UserProfile.h */; };
		CC95D5C01CEB4F32002E0B8D /* UserProfile.m in Sources */ = {isa = PBXBuildFile; fileRef = CC95D5BE1CEB4F32002E0B8D /* UserProfile.m */; };
		CC95D5C31CEB5091002E0B8D /* Wallet.h in Headers */ = {isa = PBXBuildFile; fileRef = CC95D5C11CEB5091002E0B8D /* Wallet.h */; };
		CC95D5C41CEB5091002E0B8D /* Wallet.m in Sources */ = {isa = PBXBuildFile; fileRef = CC95D5C21CEB5091002E0B8D /* Wallet.m */; };
		CC95D5C71CEB51FA002E0B8D /* PlayerCurrency.h in Headers */ = {isa = PBXBuildFile; fileRef = CC95D5C51CEB51FA002E0B8D /* PlayerCurrency.h */; };
		CC95D5C81CEB51FA002E0B8D /* PlayerCurrency.m in Sources */ = {isa = PBXBuildFile; fileRef = CC95D5C61CEB51FA002E0B8D /* PlayerCurrency.m */; };
		CC95D5CB1CEB5329002E0B8D /* Inventory.h in Headers */ = {isa = PBXBuildFile; fileRef = CC95D5C91CEB5329002E0B8D /* Inventory.h */; };
		CC95D5CC1CEB5329002E0B8D /* Inventory.m in Sources */ = {isa = PBXBuildFile; fileRef = CC95D5CA1CEB5329002E0B8D /* Inventory.m */; };
		CC95D5CF1CEB54A7002E0B8D /* PlayerItem.h in Headers */ = {isa = PBXBuildFile; fileRef = CC95D5CD1CEB54A7002E0B8D /* PlayerItem.h */; };
		CC95D5D01CEB54A7002E0B8D /* PlayerItem.m in Sources */ = {isa = PBXBuildFile; fileRef = CC95D5CE1CEB54A7002E0B8D /* PlayerItem.m */; };
		CC95D5D71CEB5901002E0B8D /* GameData.h in Headers */ = {isa = PBXBuildFile; fileRef = CC95D5D51CEB5901002E0B8D /* GameData.h */; };
		CC95D5D81CEB5901002E0B8D /* GameData.m in Sources */ = {isa = PBXBuildFile; fileRef = CC95D5D61CEB5901002E0B8D /* GameData.m */; };
		CC95D5DB1CEB5AB4002E0B8D /* Item.h in Headers */ = {isa = PBXBuildFile; fileRef = CC95D5D91CEB5AB4002E0B8D /* Item.h */; };
		CC95D5DC1CEB5AB4002E0B8D /* Item.m in Sources */ = {isa = PBXBuildFile; fileRef = CC95D5DA1CEB5AB4002E0B8D /* Item.m */; };
		CC95D5DF1CEB5B88002E0B8D /* Currency.h in Headers */ = {isa = PBXBuildFile; fileRef = CC95D5DD1CEB5B88002E0B8D /* Currency.h */; };
		CC95D5E01CEB5B88002E0B8D /* Currency.m in Sources */ = {isa = PBXBuildFile; fileRef = CC95D5DE1CEB5B88002E0B8D /* Currency.m */; };
		CC95D5E31CEB5C4B002E0B8D /* Bundle.h in Headers */ = {isa = PBXBuildFile; fileRef = CC95D5E11CEB5C4B002E0B8D /* Bundle.h */; };
		CC95D5E41CEB5C4B002E0B8D /* Bundle.m in Sources */ = {isa = PBXBuildFile; fileRef = CC95D5E21CEB5C4B002E0B8D /* Bundle.m */; };
		CC95D5E71CEB5CF7002E0B8D /* BundleItem.h in Headers */ = {isa = PBXBuildFile; fileRef = CC95D5E51CEB5CF7002E0B8D /* BundleItem.h */; };
		CC95D5E81CEB5CF7002E0B8D /* BundleItem.m in Sources */ = {isa = PBXBuildFile; fileRef = CC95D5E61CEB5CF7002E0B8D /* BundleItem.m */; };
		CC95D5EB1CEB5D5F002E0B8D /* BundlePrice.h in Headers */ = {isa = PBXBuildFile; fileRef = CC95D5E91CEB5D5F002E0B8D /* BundlePrice.h */; };
		CC95D5EC1CEB5D5F002E0B8D /* BundlePrice.m in Sources */ = {isa = PBXBuildFile; fileRef = CC95D5EA1CEB5D5F002E0B8D /* BundlePrice.m */; };
		CC95D5F21CEC4859002E0B8D /* GameDataController.h in Headers */ = {isa = PBXBuildFile; fileRef = CC95D5F01CEC4859002E0B8D /* GameDataController.h */; };
		CC95D5F31CEC4859002E0B8D /* GameDataController.m in Sources */ = {isa = PBXBuildFile; fileRef = CC95D5F11CEC4859002E0B8D /* GameDataController.m */; };
		CC9C5DF41CF5801F007951EF /* ClassUtil.h in Headers */ = {isa = PBXBuildFile; fileRef = CC9C5DF21CF5801F007951EF /* ClassUtil.h */; };
		CC9C5DF51CF5801F007951EF /* ClassUtil.m in Sources */ = {isa = PBXBuildFile; fileRef = CC9C5DF31CF5801F007951EF /* ClassUtil.m */; };
		CCAAD32E1CB3EE9700188B50 /* Settings.bundle in Resources */ = {isa = PBXBuildFile; fileRef = CCAAD32D1CB3EE9700188B50 /* Settings.bundle */; };
		CCC684891CEC9CA0005C6A15 /* PlayerDataController.h in Headers */ = {isa = PBXBuildFile; fileRef = CCC684871CEC9CA0005C6A15 /* PlayerDataController.h */; };
		CCC6848A1CEC9CA0005C6A15 /* PlayerDataController.m in Sources */ = {isa = PBXBuildFile; fileRef = CCC684881CEC9CA0005C6A15 /* PlayerDataController.m */; };
		CCCB2FE01D337C7200B7AD16 /* SpilUserHandler.h in Headers */ = {isa = PBXBuildFile; fileRef = CCCB2FDE1D337C7200B7AD16 /* SpilUserHandler.h */; };
		CCCB2FE11D337C7200B7AD16 /* SpilUserHandler.m in Sources */ = {isa = PBXBuildFile; fileRef = CCCB2FDF1D337C7200B7AD16 /* SpilUserHandler.m */; };
		CCCB2FE41D337CE400B7AD16 /* SpilError.h in Headers */ = {isa = PBXBuildFile; fileRef = CCCB2FE21D337CE400B7AD16 /* SpilError.h */; };
		CCCB2FE51D337CE400B7AD16 /* SpilError.m in Sources */ = {isa = PBXBuildFile; fileRef = CCCB2FE31D337CE400B7AD16 /* SpilError.m */; };
		CCCB300A1D337F8400B7AD16 /* SpilActionHandler.h in Headers */ = {isa = PBXBuildFile; fileRef = CCCB2FF91D337F8400B7AD16 /* SpilActionHandler.h */; settings = {ATTRIBUTES = (Public, ); }; };
		CCCB300B1D337F8400B7AD16 /* SpilActionHandler.m in Sources */ = {isa = PBXBuildFile; fileRef = CCCB2FFA1D337F8400B7AD16 /* SpilActionHandler.m */; };
		CCCB300C1D337F8400B7AD16 /* SpilConfigHandler.h in Headers */ = {isa = PBXBuildFile; fileRef = CCCB2FFC1D337F8400B7AD16 /* SpilConfigHandler.h */; };
		CCCB300D1D337F8400B7AD16 /* SpilConfigHandler.m in Sources */ = {isa = PBXBuildFile; fileRef = CCCB2FFD1D337F8400B7AD16 /* SpilConfigHandler.m */; };
		CCCB301D1D33847300B7AD16 /* SpilEventTracker.h in Headers */ = {isa = PBXBuildFile; fileRef = CCCB301B1D33847300B7AD16 /* SpilEventTracker.h */; settings = {ATTRIBUTES = (Public, ); }; };
		CCCB301E1D33847300B7AD16 /* SpilEventTracker.m in Sources */ = {isa = PBXBuildFile; fileRef = CCCB301C1D33847300B7AD16 /* SpilEventTracker.m */; };
		CCCB30211D33849000B7AD16 /* SpilPackageHandler.h in Headers */ = {isa = PBXBuildFile; fileRef = CCCB301F1D33849000B7AD16 /* SpilPackageHandler.h */; };
		CCCB30221D33849000B7AD16 /* SpilPackageHandler.m in Sources */ = {isa = PBXBuildFile; fileRef = CCCB30201D33849000B7AD16 /* SpilPackageHandler.m */; };
		CCD9100C1CB7B3B100B70974 /* setup.py in Resources */ = {isa = PBXBuildFile; fileRef = CCD9100B1CB7B3B100B70974 /* setup.py */; };
		CCD910101CB7B99700B70974 /* Spil.h in Headers */ = {isa = PBXBuildFile; fileRef = 1094854A1BBD7D2E009D1B46 /* Spil.h */; settings = {ATTRIBUTES = (Public, ); }; };
		CCE301DC1D115DF9009C6988 /* ShopPromotion.h in Headers */ = {isa = PBXBuildFile; fileRef = CCE301D61D115DF9009C6988 /* ShopPromotion.h */; };
		CCE301DD1D115DF9009C6988 /* ShopPromotion.m in Sources */ = {isa = PBXBuildFile; fileRef = CCE301D71D115DF9009C6988 /* ShopPromotion.m */; };
		CCE301DE1D115DF9009C6988 /* ShopEntry.h in Headers */ = {isa = PBXBuildFile; fileRef = CCE301D81D115DF9009C6988 /* ShopEntry.h */; };
		CCE301DF1D115DF9009C6988 /* ShopEntry.m in Sources */ = {isa = PBXBuildFile; fileRef = CCE301D91D115DF9009C6988 /* ShopEntry.m */; };
		CCE301E01D115DF9009C6988 /* ShopTab.h in Headers */ = {isa = PBXBuildFile; fileRef = CCE301DA1D115DF9009C6988 /* ShopTab.h */; };
		CCE301E11D115DF9009C6988 /* ShopTab.m in Sources */ = {isa = PBXBuildFile; fileRef = CCE301DB1D115DF9009C6988 /* ShopTab.m */; };
		CCE7506F1CBBCB21002B7802 /* mod_pbxproj.py in Resources */ = {isa = PBXBuildFile; fileRef = CCE7506E1CBBCB21002B7802 /* mod_pbxproj.py */; };
/* End PBXBuildFile section */

/* Begin PBXCopyFilesBuildPhase section */
		10A6F0751BFCAEFA007D26CE /* CopyFiles */ = {
			isa = PBXCopyFilesBuildPhase;
			buildActionMask = 2147483647;
			dstPath = "";
			dstSubfolderSpec = 10;
			files = (
			);
			runOnlyForDeploymentPostprocessing = 0;
		};
/* End PBXCopyFilesBuildPhase section */

/* Begin PBXFileReference section */
		109485471BBD7D2E009D1B46 /* SpilTV.framework */ = {isa = PBXFileReference; explicitFileType = wrapper.framework; includeInIndex = 0; path = SpilTV.framework; sourceTree = BUILT_PRODUCTS_DIR; };
		1094854A1BBD7D2E009D1B46 /* Spil.h */ = {isa = PBXFileReference; lastKnownFileType = sourcecode.c.h; path = Spil.h; sourceTree = "<group>"; };
		1094854C1BBD7D2E009D1B46 /* Info.plist */ = {isa = PBXFileReference; lastKnownFileType = text.plist.xml; name = Info.plist; path = Spil/Info.plist; sourceTree = "<group>"; };
		109485611BBD7D7F009D1B46 /* Spil.m */ = {isa = PBXFileReference; fileEncoding = 4; lastKnownFileType = sourcecode.c.objc; path = Spil.m; sourceTree = "<group>"; };
		1094856E1BBD7DE3009D1B46 /* HookBridge.mm */ = {isa = PBXFileReference; fileEncoding = 4; lastKnownFileType = sourcecode.cpp.objcpp; path = HookBridge.mm; sourceTree = "<group>"; };
		1094856F1BBD7DE3009D1B46 /* HookBridge.h */ = {isa = PBXFileReference; fileEncoding = 4; lastKnownFileType = sourcecode.c.h; path = HookBridge.h; sourceTree = "<group>"; };
		140956801DF5490C00256F07 /* AdProvider.h */ = {isa = PBXFileReference; fileEncoding = 4; lastKnownFileType = sourcecode.c.h; path = AdProvider.h; sourceTree = "<group>"; };
		140956811DF5490C00256F07 /* AdProvider.m */ = {isa = PBXFileReference; fileEncoding = 4; lastKnownFileType = sourcecode.c.objc; path = AdProvider.m; sourceTree = "<group>"; };
		140956841DF5490C00256F07 /* AppLovinAdProvider.h */ = {isa = PBXFileReference; fileEncoding = 4; lastKnownFileType = sourcecode.c.h; path = AppLovinAdProvider.h; sourceTree = "<group>"; };
		140956851DF5490C00256F07 /* AppLovinAdProvider.m */ = {isa = PBXFileReference; fileEncoding = 4; lastKnownFileType = sourcecode.c.objc; path = AppLovinAdProvider.m; sourceTree = "<group>"; };
		140956881DF5490C00256F07 /* SpilAdvertisementHandler.h */ = {isa = PBXFileReference; fileEncoding = 4; lastKnownFileType = sourcecode.c.h; path = SpilAdvertisementHandler.h; sourceTree = "<group>"; };
		140956891DF5490C00256F07 /* SpilAdvertisementHandler.m */ = {isa = PBXFileReference; fileEncoding = 4; lastKnownFileType = sourcecode.c.objc; path = SpilAdvertisementHandler.m; sourceTree = "<group>"; };
		140956971DF5491700256F07 /* ALAd.h */ = {isa = PBXFileReference; fileEncoding = 4; lastKnownFileType = sourcecode.c.h; path = ALAd.h; sourceTree = "<group>"; };
		140956981DF5491700256F07 /* ALAdDisplayDelegate.h */ = {isa = PBXFileReference; fileEncoding = 4; lastKnownFileType = sourcecode.c.h; path = ALAdDisplayDelegate.h; sourceTree = "<group>"; };
		140956991DF5491700256F07 /* ALAdLoadDelegate.h */ = {isa = PBXFileReference; fileEncoding = 4; lastKnownFileType = sourcecode.c.h; path = ALAdLoadDelegate.h; sourceTree = "<group>"; };
		1409569A1DF5491700256F07 /* ALAdRewardDelegate.h */ = {isa = PBXFileReference; fileEncoding = 4; lastKnownFileType = sourcecode.c.h; path = ALAdRewardDelegate.h; sourceTree = "<group>"; };
		1409569B1DF5491700256F07 /* ALAdService.h */ = {isa = PBXFileReference; fileEncoding = 4; lastKnownFileType = sourcecode.c.h; path = ALAdService.h; sourceTree = "<group>"; };
		1409569C1DF5491700256F07 /* ALAdSize.h */ = {isa = PBXFileReference; fileEncoding = 4; lastKnownFileType = sourcecode.c.h; path = ALAdSize.h; sourceTree = "<group>"; };
		1409569D1DF5491700256F07 /* ALAdType.h */ = {isa = PBXFileReference; fileEncoding = 4; lastKnownFileType = sourcecode.c.h; path = ALAdType.h; sourceTree = "<group>"; };
		1409569E1DF5491700256F07 /* ALAdUpdateDelegate.h */ = {isa = PBXFileReference; fileEncoding = 4; lastKnownFileType = sourcecode.c.h; path = ALAdUpdateDelegate.h; sourceTree = "<group>"; };
		1409569F1DF5491700256F07 /* ALAdVideoPlaybackDelegate.h */ = {isa = PBXFileReference; fileEncoding = 4; lastKnownFileType = sourcecode.c.h; path = ALAdVideoPlaybackDelegate.h; sourceTree = "<group>"; };
		140956A01DF5491700256F07 /* ALAdView.h */ = {isa = PBXFileReference; fileEncoding = 4; lastKnownFileType = sourcecode.c.h; path = ALAdView.h; sourceTree = "<group>"; };
		140956A11DF5491700256F07 /* ALAnnotations.h */ = {isa = PBXFileReference; fileEncoding = 4; lastKnownFileType = sourcecode.c.h; path = ALAnnotations.h; sourceTree = "<group>"; };
		140956A21DF5491700256F07 /* ALErrorCodes.h */ = {isa = PBXFileReference; fileEncoding = 4; lastKnownFileType = sourcecode.c.h; path = ALErrorCodes.h; sourceTree = "<group>"; };
		140956A31DF5491700256F07 /* ALEventService.h */ = {isa = PBXFileReference; fileEncoding = 4; lastKnownFileType = sourcecode.c.h; path = ALEventService.h; sourceTree = "<group>"; };
		140956A41DF5491700256F07 /* ALEventTypes.h */ = {isa = PBXFileReference; fileEncoding = 4; lastKnownFileType = sourcecode.c.h; path = ALEventTypes.h; sourceTree = "<group>"; };
		140956A51DF5491700256F07 /* ALIncentivizedInterstitialAd.h */ = {isa = PBXFileReference; fileEncoding = 4; lastKnownFileType = sourcecode.c.h; path = ALIncentivizedInterstitialAd.h; sourceTree = "<group>"; };
		140956A61DF5491700256F07 /* ALInterstitialAd.h */ = {isa = PBXFileReference; fileEncoding = 4; lastKnownFileType = sourcecode.c.h; path = ALInterstitialAd.h; sourceTree = "<group>"; };
		140956A71DF5491700256F07 /* ALNativeAd.h */ = {isa = PBXFileReference; fileEncoding = 4; lastKnownFileType = sourcecode.c.h; path = ALNativeAd.h; sourceTree = "<group>"; };
		140956A81DF5491700256F07 /* ALNativeAdLoadDelegate.h */ = {isa = PBXFileReference; fileEncoding = 4; lastKnownFileType = sourcecode.c.h; path = ALNativeAdLoadDelegate.h; sourceTree = "<group>"; };
		140956A91DF5491700256F07 /* ALNativeAdPrecacheDelegate.h */ = {isa = PBXFileReference; fileEncoding = 4; lastKnownFileType = sourcecode.c.h; path = ALNativeAdPrecacheDelegate.h; sourceTree = "<group>"; };
		140956AA1DF5491700256F07 /* ALNativeAdService.h */ = {isa = PBXFileReference; fileEncoding = 4; lastKnownFileType = sourcecode.c.h; path = ALNativeAdService.h; sourceTree = "<group>"; };
		140956AB1DF5491700256F07 /* ALPostbackDelegate.h */ = {isa = PBXFileReference; fileEncoding = 4; lastKnownFileType = sourcecode.c.h; path = ALPostbackDelegate.h; sourceTree = "<group>"; };
		140956AC1DF5491700256F07 /* ALPostbackService.h */ = {isa = PBXFileReference; fileEncoding = 4; lastKnownFileType = sourcecode.c.h; path = ALPostbackService.h; sourceTree = "<group>"; };
		140956AD1DF5491700256F07 /* ALSdk.h */ = {isa = PBXFileReference; fileEncoding = 4; lastKnownFileType = sourcecode.c.h; path = ALSdk.h; sourceTree = "<group>"; };
		140956AE1DF5491700256F07 /* ALSdkSettings.h */ = {isa = PBXFileReference; fileEncoding = 4; lastKnownFileType = sourcecode.c.h; path = ALSdkSettings.h; sourceTree = "<group>"; };
		140956AF1DF5491700256F07 /* ALSwiftHeaders.h */ = {isa = PBXFileReference; fileEncoding = 4; lastKnownFileType = sourcecode.c.h; path = ALSwiftHeaders.h; sourceTree = "<group>"; };
		140956B01DF5491700256F07 /* ALTargetingData.h */ = {isa = PBXFileReference; fileEncoding = 4; lastKnownFileType = sourcecode.c.h; path = ALTargetingData.h; sourceTree = "<group>"; };
		140956B11DF5491700256F07 /* libAppLovinTVOS.a */ = {isa = PBXFileReference; lastKnownFileType = archive.ar; path = libAppLovinTVOS.a; sourceTree = "<group>"; };
		1435C8831D659224000EAA9F /* NSString+Extensions.h */ = {isa = PBXFileReference; fileEncoding = 4; lastKnownFileType = sourcecode.c.h; name = "NSString+Extensions.h"; path = "Spil/Util/NSString+Extensions.h"; sourceTree = SOURCE_ROOT; };
		1435C8841D659224000EAA9F /* NSString+Extensions.m */ = {isa = PBXFileReference; fileEncoding = 4; lastKnownFileType = sourcecode.c.objc; name = "NSString+Extensions.m"; path = "Spil/Util/NSString+Extensions.m"; sourceTree = SOURCE_ROOT; };
		1435C8891D6592FE000EAA9F /* Util.h */ = {isa = PBXFileReference; fileEncoding = 4; lastKnownFileType = sourcecode.c.h; path = Util.h; sourceTree = "<group>"; };
		1435C88A1D6592FE000EAA9F /* Util.m */ = {isa = PBXFileReference; fileEncoding = 4; lastKnownFileType = sourcecode.c.objc; path = Util.m; sourceTree = "<group>"; };
		14828BB11DA274FC00414EA7 /* NotificationUtil.h */ = {isa = PBXFileReference; fileEncoding = 4; lastKnownFileType = sourcecode.c.h; path = NotificationUtil.h; sourceTree = "<group>"; };
		14828BB21DA274FC00414EA7 /* NotificationUtil.m */ = {isa = PBXFileReference; fileEncoding = 4; lastKnownFileType = sourcecode.c.objc; path = NotificationUtil.m; sourceTree = "<group>"; };
		14E5D4AE1DEED750000AE2EA /* module.modulemap */ = {isa = PBXFileReference; lastKnownFileType = "sourcecode.module-map"; path = module.modulemap; sourceTree = "<group>"; };
		CC21F1FA1CD8820A00EC9020 /* SpilAppStoreHandler.h */ = {isa = PBXFileReference; fileEncoding = 4; lastKnownFileType = sourcecode.c.h; path = SpilAppStoreHandler.h; sourceTree = "<group>"; };
		CC21F1FB1CD8820A00EC9020 /* SpilAppStoreHandler.m */ = {isa = PBXFileReference; fileEncoding = 4; lastKnownFileType = sourcecode.c.objc; path = SpilAppStoreHandler.m; sourceTree = "<group>"; };
		CC21F1FE1CD8D16000EC9020 /* AppStoreRequestData.h */ = {isa = PBXFileReference; fileEncoding = 4; lastKnownFileType = sourcecode.c.h; path = AppStoreRequestData.h; sourceTree = "<group>"; };
		CC21F1FF1CD8D16000EC9020 /* AppStoreRequestData.m */ = {isa = PBXFileReference; fileEncoding = 4; lastKnownFileType = sourcecode.c.objc; path = AppStoreRequestData.m; sourceTree = "<group>"; };
		CC2431F71D361FE1006B813D /* SpilAnalyticsHandler.h */ = {isa = PBXFileReference; fileEncoding = 4; lastKnownFileType = sourcecode.c.h; path = SpilAnalyticsHandler.h; sourceTree = "<group>"; };
		CC2431F81D361FE1006B813D /* SpilAnalyticsHandler.m */ = {isa = PBXFileReference; fileEncoding = 4; lastKnownFileType = sourcecode.c.objc; path = SpilAnalyticsHandler.m; sourceTree = "<group>"; };
		CC51479E1CF317F7005EE8A8 /* JsonUtil.h */ = {isa = PBXFileReference; fileEncoding = 4; lastKnownFileType = sourcecode.c.h; path = JsonUtil.h; sourceTree = "<group>"; };
		CC51479F1CF317F7005EE8A8 /* JsonUtil.m */ = {isa = PBXFileReference; fileEncoding = 4; lastKnownFileType = sourcecode.c.objc; path = JsonUtil.m; sourceTree = "<group>"; };
		CC74500A1CBB7DEE000DB9CA /* project.entitlements */ = {isa = PBXFileReference; fileEncoding = 4; lastKnownFileType = text.xml; path = project.entitlements; sourceTree = "<group>"; };
		CC95D5BD1CEB4F32002E0B8D /* UserProfile.h */ = {isa = PBXFileReference; fileEncoding = 4; lastKnownFileType = sourcecode.c.h; path = UserProfile.h; sourceTree = "<group>"; };
		CC95D5BE1CEB4F32002E0B8D /* UserProfile.m */ = {isa = PBXFileReference; fileEncoding = 4; lastKnownFileType = sourcecode.c.objc; path = UserProfile.m; sourceTree = "<group>"; };
		CC95D5C11CEB5091002E0B8D /* Wallet.h */ = {isa = PBXFileReference; fileEncoding = 4; lastKnownFileType = sourcecode.c.h; path = Wallet.h; sourceTree = "<group>"; };
		CC95D5C21CEB5091002E0B8D /* Wallet.m */ = {isa = PBXFileReference; fileEncoding = 4; lastKnownFileType = sourcecode.c.objc; path = Wallet.m; sourceTree = "<group>"; };
		CC95D5C51CEB51FA002E0B8D /* PlayerCurrency.h */ = {isa = PBXFileReference; fileEncoding = 4; lastKnownFileType = sourcecode.c.h; path = PlayerCurrency.h; sourceTree = "<group>"; };
		CC95D5C61CEB51FA002E0B8D /* PlayerCurrency.m */ = {isa = PBXFileReference; fileEncoding = 4; lastKnownFileType = sourcecode.c.objc; path = PlayerCurrency.m; sourceTree = "<group>"; };
		CC95D5C91CEB5329002E0B8D /* Inventory.h */ = {isa = PBXFileReference; fileEncoding = 4; lastKnownFileType = sourcecode.c.h; path = Inventory.h; sourceTree = "<group>"; };
		CC95D5CA1CEB5329002E0B8D /* Inventory.m */ = {isa = PBXFileReference; fileEncoding = 4; lastKnownFileType = sourcecode.c.objc; path = Inventory.m; sourceTree = "<group>"; };
		CC95D5CD1CEB54A7002E0B8D /* PlayerItem.h */ = {isa = PBXFileReference; fileEncoding = 4; lastKnownFileType = sourcecode.c.h; path = PlayerItem.h; sourceTree = "<group>"; };
		CC95D5CE1CEB54A7002E0B8D /* PlayerItem.m */ = {isa = PBXFileReference; fileEncoding = 4; lastKnownFileType = sourcecode.c.objc; path = PlayerItem.m; sourceTree = "<group>"; };
		CC95D5D51CEB5901002E0B8D /* GameData.h */ = {isa = PBXFileReference; fileEncoding = 4; lastKnownFileType = sourcecode.c.h; path = GameData.h; sourceTree = "<group>"; };
		CC95D5D61CEB5901002E0B8D /* GameData.m */ = {isa = PBXFileReference; fileEncoding = 4; lastKnownFileType = sourcecode.c.objc; path = GameData.m; sourceTree = "<group>"; };
		CC95D5D91CEB5AB4002E0B8D /* Item.h */ = {isa = PBXFileReference; fileEncoding = 4; lastKnownFileType = sourcecode.c.h; path = Item.h; sourceTree = "<group>"; };
		CC95D5DA1CEB5AB4002E0B8D /* Item.m */ = {isa = PBXFileReference; fileEncoding = 4; lastKnownFileType = sourcecode.c.objc; path = Item.m; sourceTree = "<group>"; };
		CC95D5DD1CEB5B88002E0B8D /* Currency.h */ = {isa = PBXFileReference; fileEncoding = 4; lastKnownFileType = sourcecode.c.h; path = Currency.h; sourceTree = "<group>"; };
		CC95D5DE1CEB5B88002E0B8D /* Currency.m */ = {isa = PBXFileReference; fileEncoding = 4; lastKnownFileType = sourcecode.c.objc; path = Currency.m; sourceTree = "<group>"; };
		CC95D5E11CEB5C4B002E0B8D /* Bundle.h */ = {isa = PBXFileReference; fileEncoding = 4; lastKnownFileType = sourcecode.c.h; path = Bundle.h; sourceTree = "<group>"; };
		CC95D5E21CEB5C4B002E0B8D /* Bundle.m */ = {isa = PBXFileReference; fileEncoding = 4; lastKnownFileType = sourcecode.c.objc; path = Bundle.m; sourceTree = "<group>"; };
		CC95D5E51CEB5CF7002E0B8D /* BundleItem.h */ = {isa = PBXFileReference; fileEncoding = 4; lastKnownFileType = sourcecode.c.h; path = BundleItem.h; sourceTree = "<group>"; };
		CC95D5E61CEB5CF7002E0B8D /* BundleItem.m */ = {isa = PBXFileReference; fileEncoding = 4; lastKnownFileType = sourcecode.c.objc; path = BundleItem.m; sourceTree = "<group>"; };
		CC95D5E91CEB5D5F002E0B8D /* BundlePrice.h */ = {isa = PBXFileReference; fileEncoding = 4; lastKnownFileType = sourcecode.c.h; path = BundlePrice.h; sourceTree = "<group>"; };
		CC95D5EA1CEB5D5F002E0B8D /* BundlePrice.m */ = {isa = PBXFileReference; fileEncoding = 4; lastKnownFileType = sourcecode.c.objc; path = BundlePrice.m; sourceTree = "<group>"; };
		CC95D5F01CEC4859002E0B8D /* GameDataController.h */ = {isa = PBXFileReference; fileEncoding = 4; lastKnownFileType = sourcecode.c.h; path = GameDataController.h; sourceTree = "<group>"; };
		CC95D5F11CEC4859002E0B8D /* GameDataController.m */ = {isa = PBXFileReference; fileEncoding = 4; lastKnownFileType = sourcecode.c.objc; path = GameDataController.m; sourceTree = "<group>"; };
		CC9C5DF21CF5801F007951EF /* ClassUtil.h */ = {isa = PBXFileReference; fileEncoding = 4; lastKnownFileType = sourcecode.c.h; path = ClassUtil.h; sourceTree = "<group>"; };
		CC9C5DF31CF5801F007951EF /* ClassUtil.m */ = {isa = PBXFileReference; fileEncoding = 4; lastKnownFileType = sourcecode.c.objc; path = ClassUtil.m; sourceTree = "<group>"; };
		CCAAD32D1CB3EE9700188B50 /* Settings.bundle */ = {isa = PBXFileReference; lastKnownFileType = "wrapper.plug-in"; path = Settings.bundle; sourceTree = "<group>"; };
		CCC684871CEC9CA0005C6A15 /* PlayerDataController.h */ = {isa = PBXFileReference; fileEncoding = 4; lastKnownFileType = sourcecode.c.h; path = PlayerDataController.h; sourceTree = "<group>"; };
		CCC684881CEC9CA0005C6A15 /* PlayerDataController.m */ = {isa = PBXFileReference; fileEncoding = 4; lastKnownFileType = sourcecode.c.objc; path = PlayerDataController.m; sourceTree = "<group>"; };
		CCCB2FDE1D337C7200B7AD16 /* SpilUserHandler.h */ = {isa = PBXFileReference; fileEncoding = 4; lastKnownFileType = sourcecode.c.h; path = SpilUserHandler.h; sourceTree = "<group>"; };
		CCCB2FDF1D337C7200B7AD16 /* SpilUserHandler.m */ = {isa = PBXFileReference; fileEncoding = 4; lastKnownFileType = sourcecode.c.objc; path = SpilUserHandler.m; sourceTree = "<group>"; };
		CCCB2FE21D337CE400B7AD16 /* SpilError.h */ = {isa = PBXFileReference; fileEncoding = 4; lastKnownFileType = sourcecode.c.h; path = SpilError.h; sourceTree = "<group>"; };
		CCCB2FE31D337CE400B7AD16 /* SpilError.m */ = {isa = PBXFileReference; fileEncoding = 4; lastKnownFileType = sourcecode.c.objc; path = SpilError.m; sourceTree = "<group>"; };
		CCCB2FF91D337F8400B7AD16 /* SpilActionHandler.h */ = {isa = PBXFileReference; fileEncoding = 4; lastKnownFileType = sourcecode.c.h; path = SpilActionHandler.h; sourceTree = "<group>"; };
		CCCB2FFA1D337F8400B7AD16 /* SpilActionHandler.m */ = {isa = PBXFileReference; fileEncoding = 4; lastKnownFileType = sourcecode.c.objc; path = SpilActionHandler.m; sourceTree = "<group>"; };
		CCCB2FFC1D337F8400B7AD16 /* SpilConfigHandler.h */ = {isa = PBXFileReference; fileEncoding = 4; lastKnownFileType = sourcecode.c.h; path = SpilConfigHandler.h; sourceTree = "<group>"; };
		CCCB2FFD1D337F8400B7AD16 /* SpilConfigHandler.m */ = {isa = PBXFileReference; fileEncoding = 4; lastKnownFileType = sourcecode.c.objc; path = SpilConfigHandler.m; sourceTree = "<group>"; };
		CCCB301B1D33847300B7AD16 /* SpilEventTracker.h */ = {isa = PBXFileReference; fileEncoding = 4; lastKnownFileType = sourcecode.c.h; path = SpilEventTracker.h; sourceTree = "<group>"; };
		CCCB301C1D33847300B7AD16 /* SpilEventTracker.m */ = {isa = PBXFileReference; fileEncoding = 4; lastKnownFileType = sourcecode.c.objc; path = SpilEventTracker.m; sourceTree = "<group>"; };
		CCCB301F1D33849000B7AD16 /* SpilPackageHandler.h */ = {isa = PBXFileReference; fileEncoding = 4; lastKnownFileType = sourcecode.c.h; path = SpilPackageHandler.h; sourceTree = "<group>"; };
		CCCB30201D33849000B7AD16 /* SpilPackageHandler.m */ = {isa = PBXFileReference; fileEncoding = 4; lastKnownFileType = sourcecode.c.objc; path = SpilPackageHandler.m; sourceTree = "<group>"; };
		CCD9100B1CB7B3B100B70974 /* setup.py */ = {isa = PBXFileReference; explicitFileType = text; fileEncoding = 4; path = setup.py; sourceTree = "<group>"; usesTabs = 1; wrapsLines = 0; };
		CCE301D61D115DF9009C6988 /* ShopPromotion.h */ = {isa = PBXFileReference; fileEncoding = 4; lastKnownFileType = sourcecode.c.h; path = ShopPromotion.h; sourceTree = "<group>"; };
		CCE301D71D115DF9009C6988 /* ShopPromotion.m */ = {isa = PBXFileReference; fileEncoding = 4; lastKnownFileType = sourcecode.c.objc; path = ShopPromotion.m; sourceTree = "<group>"; };
		CCE301D81D115DF9009C6988 /* ShopEntry.h */ = {isa = PBXFileReference; fileEncoding = 4; lastKnownFileType = sourcecode.c.h; path = ShopEntry.h; sourceTree = "<group>"; };
		CCE301D91D115DF9009C6988 /* ShopEntry.m */ = {isa = PBXFileReference; fileEncoding = 4; lastKnownFileType = sourcecode.c.objc; path = ShopEntry.m; sourceTree = "<group>"; };
		CCE301DA1D115DF9009C6988 /* ShopTab.h */ = {isa = PBXFileReference; fileEncoding = 4; lastKnownFileType = sourcecode.c.h; path = ShopTab.h; sourceTree = "<group>"; };
		CCE301DB1D115DF9009C6988 /* ShopTab.m */ = {isa = PBXFileReference; fileEncoding = 4; lastKnownFileType = sourcecode.c.objc; path = ShopTab.m; sourceTree = "<group>"; };
		CCE7506E1CBBCB21002B7802 /* mod_pbxproj.py */ = {isa = PBXFileReference; explicitFileType = text; fileEncoding = 4; path = mod_pbxproj.py; sourceTree = "<group>"; };
/* End PBXFileReference section */

/* Begin PBXFrameworksBuildPhase section */
		109485431BBD7D2E009D1B46 /* Frameworks */ = {
			isa = PBXFrameworksBuildPhase;
			buildActionMask = 2147483647;
			files = (
				140956CC1DF5491700256F07 /* libAppLovinTVOS.a in Frameworks */,
			);
			runOnlyForDeploymentPostprocessing = 0;
		};
/* End PBXFrameworksBuildPhase section */

/* Begin PBXGroup section */
		1094853D1BBD7D2D009D1B46 = {
			isa = PBXGroup;
			children = (
				14E5D4AE1DEED750000AE2EA /* module.modulemap */,
				109485491BBD7D2E009D1B46 /* Spil */,
				109485481BBD7D2E009D1B46 /* Products */,
				1094854C1BBD7D2E009D1B46 /* Info.plist */,
				CCAAD32D1CB3EE9700188B50 /* Settings.bundle */,
				CC74500A1CBB7DEE000DB9CA /* project.entitlements */,
				CCD9100B1CB7B3B100B70974 /* setup.py */,
				CCE7506E1CBBCB21002B7802 /* mod_pbxproj.py */,
			);
			sourceTree = "<group>";
		};
		109485481BBD7D2E009D1B46 /* Products */ = {
			isa = PBXGroup;
			children = (
				109485471BBD7D2E009D1B46 /* SpilTV.framework */,
			);
			name = Products;
			sourceTree = "<group>";
		};
		109485491BBD7D2E009D1B46 /* Spil */ = {
			isa = PBXGroup;
			children = (
				14C8155C1DEECB6C0046BFAE /* 3rd_party_frameworks */,
				CCCB2FF81D337F8400B7AD16 /* ActionHandler */,
				1409567E1DF5490C00256F07 /* AdHandler */,
				CC2431F51D361F80006B813D /* AnalyticsHandler */,
				CC21F1F91CD8820900EC9020 /* AppStoreHandler */,
				CCCB2FFB1D337F8400B7AD16 /* ConfigHandler */,
				CCCB2FFE1D337F8400B7AD16 /* EventTracker */,
				CC95D5D11CEB57EF002E0B8D /* GameData */,
				CCCB30041D337F8400B7AD16 /* PackageHandler */,
				CC95D5BA1CEB4EE5002E0B8D /* PlayerData */,
				CCCB2FDD1D337C7200B7AD16 /* UserHandler */,
				CC51479D1CF317E5005EE8A8 /* Util */,
				1094856E1BBD7DE3009D1B46 /* HookBridge.mm */,
				1094856F1BBD7DE3009D1B46 /* HookBridge.h */,
				1094854A1BBD7D2E009D1B46 /* Spil.h */,
				109485611BBD7D7F009D1B46 /* Spil.m */,
			);
			path = Spil;
			sourceTree = "<group>";
		};
		1409567E1DF5490C00256F07 /* AdHandler */ = {
			isa = PBXGroup;
			children = (
				1409567F1DF5490C00256F07 /* Providers */,
				140956881DF5490C00256F07 /* SpilAdvertisementHandler.h */,
				140956891DF5490C00256F07 /* SpilAdvertisementHandler.m */,
			);
			path = AdHandler;
			sourceTree = "<group>";
		};
		1409567F1DF5490C00256F07 /* Providers */ = {
			isa = PBXGroup;
			children = (
				140956801DF5490C00256F07 /* AdProvider.h */,
				140956811DF5490C00256F07 /* AdProvider.m */,
				140956841DF5490C00256F07 /* AppLovinAdProvider.h */,
				140956851DF5490C00256F07 /* AppLovinAdProvider.m */,
			);
			path = Providers;
			sourceTree = "<group>";
		};
		140956941DF5491700256F07 /* AppLovin */ = {
			isa = PBXGroup;
			children = (
				140956951DF5491700256F07 /* applovin-tvos-sdk-3.2.0 */,
			);
			path = AppLovin;
			sourceTree = "<group>";
		};
		140956951DF5491700256F07 /* applovin-tvos-sdk-3.2.0 */ = {
			isa = PBXGroup;
			children = (
				140956961DF5491700256F07 /* headers */,
				140956B11DF5491700256F07 /* libAppLovinTVOS.a */,
			);
			path = "applovin-tvos-sdk-3.2.0";
			sourceTree = "<group>";
		};
		140956961DF5491700256F07 /* headers */ = {
			isa = PBXGroup;
			children = (
				140956971DF5491700256F07 /* ALAd.h */,
				140956981DF5491700256F07 /* ALAdDisplayDelegate.h */,
				140956991DF5491700256F07 /* ALAdLoadDelegate.h */,
				1409569A1DF5491700256F07 /* ALAdRewardDelegate.h */,
				1409569B1DF5491700256F07 /* ALAdService.h */,
				1409569C1DF5491700256F07 /* ALAdSize.h */,
				1409569D1DF5491700256F07 /* ALAdType.h */,
				1409569E1DF5491700256F07 /* ALAdUpdateDelegate.h */,
				1409569F1DF5491700256F07 /* ALAdVideoPlaybackDelegate.h */,
				140956A01DF5491700256F07 /* ALAdView.h */,
				140956A11DF5491700256F07 /* ALAnnotations.h */,
				140956A21DF5491700256F07 /* ALErrorCodes.h */,
				140956A31DF5491700256F07 /* ALEventService.h */,
				140956A41DF5491700256F07 /* ALEventTypes.h */,
				140956A51DF5491700256F07 /* ALIncentivizedInterstitialAd.h */,
				140956A61DF5491700256F07 /* ALInterstitialAd.h */,
				140956A71DF5491700256F07 /* ALNativeAd.h */,
				140956A81DF5491700256F07 /* ALNativeAdLoadDelegate.h */,
				140956A91DF5491700256F07 /* ALNativeAdPrecacheDelegate.h */,
				140956AA1DF5491700256F07 /* ALNativeAdService.h */,
				140956AB1DF5491700256F07 /* ALPostbackDelegate.h */,
				140956AC1DF5491700256F07 /* ALPostbackService.h */,
				140956AD1DF5491700256F07 /* ALSdk.h */,
				140956AE1DF5491700256F07 /* ALSdkSettings.h */,
				140956AF1DF5491700256F07 /* ALSwiftHeaders.h */,
				140956B01DF5491700256F07 /* ALTargetingData.h */,
			);
			path = headers;
			sourceTree = "<group>";
		};
		14C8155C1DEECB6C0046BFAE /* 3rd_party_frameworks */ = {
			isa = PBXGroup;
			children = (
				140956941DF5491700256F07 /* AppLovin */,
			);
			path = 3rd_party_frameworks;
			sourceTree = "<group>";
		};
		CC21F1F91CD8820900EC9020 /* AppStoreHandler */ = {
			isa = PBXGroup;
			children = (
				CC21F1FA1CD8820A00EC9020 /* SpilAppStoreHandler.h */,
				CC21F1FB1CD8820A00EC9020 /* SpilAppStoreHandler.m */,
				CC21F1FE1CD8D16000EC9020 /* AppStoreRequestData.h */,
				CC21F1FF1CD8D16000EC9020 /* AppStoreRequestData.m */,
			);
			path = AppStoreHandler;
			sourceTree = "<group>";
		};
		CC2431F51D361F80006B813D /* AnalyticsHandler */ = {
			isa = PBXGroup;
			children = (
				CC2431F71D361FE1006B813D /* SpilAnalyticsHandler.h */,
				CC2431F81D361FE1006B813D /* SpilAnalyticsHandler.m */,
			);
			path = AnalyticsHandler;
			sourceTree = "<group>";
		};
		CC51479D1CF317E5005EE8A8 /* Util */ = {
			isa = PBXGroup;
			children = (
				CCCB2FE61D337D0600B7AD16 /* Extensions */,
				CC9C5DF21CF5801F007951EF /* ClassUtil.h */,
				CC9C5DF31CF5801F007951EF /* ClassUtil.m */,
				CC51479E1CF317F7005EE8A8 /* JsonUtil.h */,
				CC51479F1CF317F7005EE8A8 /* JsonUtil.m */,
				CCCB2FE21D337CE400B7AD16 /* SpilError.h */,
				CCCB2FE31D337CE400B7AD16 /* SpilError.m */,
				1435C8891D6592FE000EAA9F /* Util.h */,
				1435C88A1D6592FE000EAA9F /* Util.m */,
				14828BB11DA274FC00414EA7 /* NotificationUtil.h */,
				14828BB21DA274FC00414EA7 /* NotificationUtil.m */,
			);
			name = Util;
			path = Spil/Util;
			sourceTree = SOURCE_ROOT;
		};
		CC95D5BA1CEB4EE5002E0B8D /* PlayerData */ = {
			isa = PBXGroup;
			children = (
				CC95D5BB1CEB4F12002E0B8D /* Inventory */,
				CC95D5BC1CEB4F12002E0B8D /* Wallet */,
				CC95D5BD1CEB4F32002E0B8D /* UserProfile.h */,
				CC95D5BE1CEB4F32002E0B8D /* UserProfile.m */,
				CCC684871CEC9CA0005C6A15 /* PlayerDataController.h */,
				CCC684881CEC9CA0005C6A15 /* PlayerDataController.m */,
			);
			path = PlayerData;
			sourceTree = "<group>";
		};
		CC95D5BB1CEB4F12002E0B8D /* Inventory */ = {
			isa = PBXGroup;
			children = (
				CC95D5C91CEB5329002E0B8D /* Inventory.h */,
				CC95D5CA1CEB5329002E0B8D /* Inventory.m */,
				CC95D5CD1CEB54A7002E0B8D /* PlayerItem.h */,
				CC95D5CE1CEB54A7002E0B8D /* PlayerItem.m */,
			);
			path = Inventory;
			sourceTree = "<group>";
		};
		CC95D5BC1CEB4F12002E0B8D /* Wallet */ = {
			isa = PBXGroup;
			children = (
				CC95D5C11CEB5091002E0B8D /* Wallet.h */,
				CC95D5C21CEB5091002E0B8D /* Wallet.m */,
				CC95D5C51CEB51FA002E0B8D /* PlayerCurrency.h */,
				CC95D5C61CEB51FA002E0B8D /* PlayerCurrency.m */,
			);
			path = Wallet;
			sourceTree = "<group>";
		};
		CC95D5D11CEB57EF002E0B8D /* GameData */ = {
			isa = PBXGroup;
			children = (
				CC95D5D21CEB5835002E0B8D /* bundles */,
				CC95D5D31CEB5835002E0B8D /* currencies */,
				CC95D5D41CEB5835002E0B8D /* items */,
				CCE301D51D115DF9009C6988 /* shop */,
				CC95D5D51CEB5901002E0B8D /* GameData.h */,
				CC95D5D61CEB5901002E0B8D /* GameData.m */,
				CC95D5F01CEC4859002E0B8D /* GameDataController.h */,
				CC95D5F11CEC4859002E0B8D /* GameDataController.m */,
			);
			path = GameData;
			sourceTree = "<group>";
		};
		CC95D5D21CEB5835002E0B8D /* bundles */ = {
			isa = PBXGroup;
			children = (
				CC95D5E11CEB5C4B002E0B8D /* Bundle.h */,
				CC95D5E21CEB5C4B002E0B8D /* Bundle.m */,
				CC95D5E51CEB5CF7002E0B8D /* BundleItem.h */,
				CC95D5E61CEB5CF7002E0B8D /* BundleItem.m */,
				CC95D5E91CEB5D5F002E0B8D /* BundlePrice.h */,
				CC95D5EA1CEB5D5F002E0B8D /* BundlePrice.m */,
			);
			path = bundles;
			sourceTree = "<group>";
		};
		CC95D5D31CEB5835002E0B8D /* currencies */ = {
			isa = PBXGroup;
			children = (
				CC95D5DD1CEB5B88002E0B8D /* Currency.h */,
				CC95D5DE1CEB5B88002E0B8D /* Currency.m */,
			);
			path = currencies;
			sourceTree = "<group>";
		};
		CC95D5D41CEB5835002E0B8D /* items */ = {
			isa = PBXGroup;
			children = (
				CC95D5D91CEB5AB4002E0B8D /* Item.h */,
				CC95D5DA1CEB5AB4002E0B8D /* Item.m */,
			);
			path = items;
			sourceTree = "<group>";
		};
		CCCB2FDD1D337C7200B7AD16 /* UserHandler */ = {
			isa = PBXGroup;
			children = (
				CCCB2FDE1D337C7200B7AD16 /* SpilUserHandler.h */,
				CCCB2FDF1D337C7200B7AD16 /* SpilUserHandler.m */,
			);
			path = UserHandler;
			sourceTree = "<group>";
		};
		CCCB2FE61D337D0600B7AD16 /* Extensions */ = {
			isa = PBXGroup;
			children = (
				1435C8831D659224000EAA9F /* NSString+Extensions.h */,
				1435C8841D659224000EAA9F /* NSString+Extensions.m */,
			);
			path = Extensions;
			sourceTree = "<group>";
		};
		CCCB2FF81D337F8400B7AD16 /* ActionHandler */ = {
			isa = PBXGroup;
			children = (
				CCCB2FF91D337F8400B7AD16 /* SpilActionHandler.h */,
				CCCB2FFA1D337F8400B7AD16 /* SpilActionHandler.m */,
			);
			path = ActionHandler;
			sourceTree = "<group>";
		};
		CCCB2FFB1D337F8400B7AD16 /* ConfigHandler */ = {
			isa = PBXGroup;
			children = (
				CCCB2FFC1D337F8400B7AD16 /* SpilConfigHandler.h */,
				CCCB2FFD1D337F8400B7AD16 /* SpilConfigHandler.m */,
			);
			path = ConfigHandler;
			sourceTree = "<group>";
		};
		CCCB2FFE1D337F8400B7AD16 /* EventTracker */ = {
			isa = PBXGroup;
			children = (
				CCCB301B1D33847300B7AD16 /* SpilEventTracker.h */,
				CCCB301C1D33847300B7AD16 /* SpilEventTracker.m */,
			);
			path = EventTracker;
			sourceTree = "<group>";
		};
		CCCB30041D337F8400B7AD16 /* PackageHandler */ = {
			isa = PBXGroup;
			children = (
				CCCB301F1D33849000B7AD16 /* SpilPackageHandler.h */,
				CCCB30201D33849000B7AD16 /* SpilPackageHandler.m */,
			);
			path = PackageHandler;
			sourceTree = "<group>";
		};
		CCE301D51D115DF9009C6988 /* shop */ = {
			isa = PBXGroup;
			children = (
				CCE301D61D115DF9009C6988 /* ShopPromotion.h */,
				CCE301D71D115DF9009C6988 /* ShopPromotion.m */,
				CCE301D81D115DF9009C6988 /* ShopEntry.h */,
				CCE301D91D115DF9009C6988 /* ShopEntry.m */,
				CCE301DA1D115DF9009C6988 /* ShopTab.h */,
				CCE301DB1D115DF9009C6988 /* ShopTab.m */,
			);
			path = shop;
			sourceTree = "<group>";
		};
/* End PBXGroup section */

/* Begin PBXHeadersBuildPhase section */
		109485441BBD7D2E009D1B46 /* Headers */ = {
			isa = PBXHeadersBuildPhase;
			buildActionMask = 2147483647;
			files = (
				140956CB1DF5491700256F07 /* ALTargetingData.h in Headers */,
				1435C8871D659224000EAA9F /* NSString+Extensions.h in Headers */,
				140956B71DF5491700256F07 /* ALAdSize.h in Headers */,
				CCCB301D1D33847300B7AD16 /* SpilEventTracker.h in Headers */,
				CCCB300A1D337F8400B7AD16 /* SpilActionHandler.h in Headers */,
				140956B51DF5491700256F07 /* ALAdRewardDelegate.h in Headers */,
				140956B41DF5491700256F07 /* ALAdLoadDelegate.h in Headers */,
				CCD910101CB7B99700B70974 /* Spil.h in Headers */,
				140956C91DF5491700256F07 /* ALSdkSettings.h in Headers */,
				140956C41DF5491700256F07 /* ALNativeAdPrecacheDelegate.h in Headers */,
				1094857C1BBD7DE3009D1B46 /* HookBridge.h in Headers */,
				140956C61DF5491700256F07 /* ALPostbackDelegate.h in Headers */,
				CC5147A01CF317F7005EE8A8 /* JsonUtil.h in Headers */,
				140956BC1DF5491700256F07 /* ALAnnotations.h in Headers */,
				CC21F1FC1CD8820A00EC9020 /* SpilAppStoreHandler.h in Headers */,
				CC95D5D71CEB5901002E0B8D /* GameData.h in Headers */,
				CC95D5C71CEB51FA002E0B8D /* PlayerCurrency.h in Headers */,
				140956C31DF5491700256F07 /* ALNativeAdLoadDelegate.h in Headers */,
				140956C21DF5491700256F07 /* ALNativeAd.h in Headers */,
				140956B81DF5491700256F07 /* ALAdType.h in Headers */,
				CC2431F91D361FE1006B813D /* SpilAnalyticsHandler.h in Headers */,
				140956BA1DF5491700256F07 /* ALAdVideoPlaybackDelegate.h in Headers */,
				CC95D5C31CEB5091002E0B8D /* Wallet.h in Headers */,
				CC21F2001CD8D16000EC9020 /* AppStoreRequestData.h in Headers */,
				140956B21DF5491700256F07 /* ALAd.h in Headers */,
				1435C88B1D6592FE000EAA9F /* Util.h in Headers */,
				CC95D5E71CEB5CF7002E0B8D /* BundleItem.h in Headers */,
				CCCB2FE01D337C7200B7AD16 /* SpilUserHandler.h in Headers */,
				140956C01DF5491700256F07 /* ALIncentivizedInterstitialAd.h in Headers */,
				CC95D5DB1CEB5AB4002E0B8D /* Item.h in Headers */,
				140956C81DF5491700256F07 /* ALSdk.h in Headers */,
				CCE301DE1D115DF9009C6988 /* ShopEntry.h in Headers */,
				140956BB1DF5491700256F07 /* ALAdView.h in Headers */,
				14828BB31DA274FC00414EA7 /* NotificationUtil.h in Headers */,
				140956921DF5490C00256F07 /* SpilAdvertisementHandler.h in Headers */,
				CC95D5CB1CEB5329002E0B8D /* Inventory.h in Headers */,
				CC95D5E31CEB5C4B002E0B8D /* Bundle.h in Headers */,
				140956C51DF5491700256F07 /* ALNativeAdService.h in Headers */,
				CCCB2FE41D337CE400B7AD16 /* SpilError.h in Headers */,
				CC95D5BF1CEB4F32002E0B8D /* UserProfile.h in Headers */,
				140956CA1DF5491700256F07 /* ALSwiftHeaders.h in Headers */,
				CC95D5F21CEC4859002E0B8D /* GameDataController.h in Headers */,
				CCCB300C1D337F8400B7AD16 /* SpilConfigHandler.h in Headers */,
				CC9C5DF41CF5801F007951EF /* ClassUtil.h in Headers */,
				1409568E1DF5490C00256F07 /* AppLovinAdProvider.h in Headers */,
				140956C11DF5491700256F07 /* ALInterstitialAd.h in Headers */,
				1409568A1DF5490C00256F07 /* AdProvider.h in Headers */,
				CCCB30211D33849000B7AD16 /* SpilPackageHandler.h in Headers */,
				CC95D5EB1CEB5D5F002E0B8D /* BundlePrice.h in Headers */,
				140956BD1DF5491700256F07 /* ALErrorCodes.h in Headers */,
				140956B61DF5491700256F07 /* ALAdService.h in Headers */,
				140956B91DF5491700256F07 /* ALAdUpdateDelegate.h in Headers */,
				140956BE1DF5491700256F07 /* ALEventService.h in Headers */,
				140956C71DF5491700256F07 /* ALPostbackService.h in Headers */,
				CCE301E01D115DF9009C6988 /* ShopTab.h in Headers */,
				CCC684891CEC9CA0005C6A15 /* PlayerDataController.h in Headers */,
				CCE301DC1D115DF9009C6988 /* ShopPromotion.h in Headers */,
				CC95D5CF1CEB54A7002E0B8D /* PlayerItem.h in Headers */,
				140956BF1DF5491700256F07 /* ALEventTypes.h in Headers */,
				CC95D5DF1CEB5B88002E0B8D /* Currency.h in Headers */,
				140956B31DF5491700256F07 /* ALAdDisplayDelegate.h in Headers */,
			);
			runOnlyForDeploymentPostprocessing = 0;
		};
/* End PBXHeadersBuildPhase section */

/* Begin PBXNativeTarget section */
		109485461BBD7D2E009D1B46 /* SpilTV */ = {
			isa = PBXNativeTarget;
			buildConfigurationList = 1094855B1BBD7D2E009D1B46 /* Build configuration list for PBXNativeTarget "SpilTV" */;
			buildPhases = (
				109485421BBD7D2E009D1B46 /* Sources */,
				109485431BBD7D2E009D1B46 /* Frameworks */,
				109485441BBD7D2E009D1B46 /* Headers */,
				109485451BBD7D2E009D1B46 /* Resources */,
				10A6F0751BFCAEFA007D26CE /* CopyFiles */,
			);
			buildRules = (
			);
			dependencies = (
			);
			name = SpilTV;
			productName = Spil;
			productReference = 109485471BBD7D2E009D1B46 /* SpilTV.framework */;
			productType = "com.apple.product-type.framework";
		};
/* End PBXNativeTarget section */

/* Begin PBXProject section */
		1094853E1BBD7D2D009D1B46 /* Project object */ = {
			isa = PBXProject;
			attributes = {
				LastSwiftUpdateCheck = 0730;
				LastUpgradeCheck = 0730;
				ORGANIZATIONNAME = "Spil Games";
				TargetAttributes = {
					109485461BBD7D2E009D1B46 = {
						CreatedOnToolsVersion = 7.0;
						DevelopmentTeam = 3DT94432UL;
					};
				};
			};
			buildConfigurationList = 109485411BBD7D2D009D1B46 /* Build configuration list for PBXProject "SpilTV" */;
			compatibilityVersion = "Xcode 3.2";
			developmentRegion = English;
			hasScannedForEncodings = 0;
			knownRegions = (
				en,
			);
			mainGroup = 1094853D1BBD7D2D009D1B46;
			productRefGroup = 109485481BBD7D2E009D1B46 /* Products */;
			projectDirPath = "";
			projectRoot = "";
			targets = (
				109485461BBD7D2E009D1B46 /* SpilTV */,
			);
		};
/* End PBXProject section */

/* Begin PBXResourcesBuildPhase section */
		109485451BBD7D2E009D1B46 /* Resources */ = {
			isa = PBXResourcesBuildPhase;
			buildActionMask = 2147483647;
			files = (
				CCAAD32E1CB3EE9700188B50 /* Settings.bundle in Resources */,
				CC74500B1CBB7DEE000DB9CA /* project.entitlements in Resources */,
				CCD9100C1CB7B3B100B70974 /* setup.py in Resources */,
				CCE7506F1CBBCB21002B7802 /* mod_pbxproj.py in Resources */,
			);
			runOnlyForDeploymentPostprocessing = 0;
		};
/* End PBXResourcesBuildPhase section */

/* Begin PBXSourcesBuildPhase section */
		109485421BBD7D2E009D1B46 /* Sources */ = {
			isa = PBXSourcesBuildPhase;
			buildActionMask = 2147483647;
			files = (
				1409568B1DF5490C00256F07 /* AdProvider.m in Sources */,
				CC95D5DC1CEB5AB4002E0B8D /* Item.m in Sources */,
				1435C8881D659224000EAA9F /* NSString+Extensions.m in Sources */,
				CCC6848A1CEC9CA0005C6A15 /* PlayerDataController.m in Sources */,
				CC95D5CC1CEB5329002E0B8D /* Inventory.m in Sources */,
				CC95D5E81CEB5CF7002E0B8D /* BundleItem.m in Sources */,
				CCCB30221D33849000B7AD16 /* SpilPackageHandler.m in Sources */,
				CC95D5D01CEB54A7002E0B8D /* PlayerItem.m in Sources */,
				CC95D5F31CEC4859002E0B8D /* GameDataController.m in Sources */,
				1409568F1DF5490C00256F07 /* AppLovinAdProvider.m in Sources */,
				CC5147A11CF317F7005EE8A8 /* JsonUtil.m in Sources */,
				CC95D5C01CEB4F32002E0B8D /* UserProfile.m in Sources */,
				CC2431FA1D361FE1006B813D /* SpilAnalyticsHandler.m in Sources */,
				CC95D5C81CEB51FA002E0B8D /* PlayerCurrency.m in Sources */,
				CCCB2FE11D337C7200B7AD16 /* SpilUserHandler.m in Sources */,
				CC95D5EC1CEB5D5F002E0B8D /* BundlePrice.m in Sources */,
				CCE301DD1D115DF9009C6988 /* ShopPromotion.m in Sources */,
				CC95D5E01CEB5B88002E0B8D /* Currency.m in Sources */,
				CC21F1FD1CD8820A00EC9020 /* SpilAppStoreHandler.m in Sources */,
				CCCB301E1D33847300B7AD16 /* SpilEventTracker.m in Sources */,
				14828BB41DA274FC00414EA7 /* NotificationUtil.m in Sources */,
				CC95D5D81CEB5901002E0B8D /* GameData.m in Sources */,
				CCE301E11D115DF9009C6988 /* ShopTab.m in Sources */,
				CCCB300D1D337F8400B7AD16 /* SpilConfigHandler.m in Sources */,
				CC95D5E41CEB5C4B002E0B8D /* Bundle.m in Sources */,
				CCE301DF1D115DF9009C6988 /* ShopEntry.m in Sources */,
				1094857B1BBD7DE3009D1B46 /* HookBridge.mm in Sources */,
				109485621BBD7D7F009D1B46 /* Spil.m in Sources */,
				1435C88C1D6592FE000EAA9F /* Util.m in Sources */,
				CCCB2FE51D337CE400B7AD16 /* SpilError.m in Sources */,
				CCCB300B1D337F8400B7AD16 /* SpilActionHandler.m in Sources */,
				CC21F2011CD8D16000EC9020 /* AppStoreRequestData.m in Sources */,
				140956931DF5490C00256F07 /* SpilAdvertisementHandler.m in Sources */,
				CC9C5DF51CF5801F007951EF /* ClassUtil.m in Sources */,
				CC95D5C41CEB5091002E0B8D /* Wallet.m in Sources */,
			);
			runOnlyForDeploymentPostprocessing = 0;
		};
/* End PBXSourcesBuildPhase section */

/* Begin XCBuildConfiguration section */
		109485591BBD7D2E009D1B46 /* Debug */ = {
			isa = XCBuildConfiguration;
			buildSettings = {
				ALWAYS_SEARCH_USER_PATHS = NO;
				CLANG_CXX_LANGUAGE_STANDARD = "gnu++0x";
				CLANG_CXX_LIBRARY = "libc++";
				CLANG_ENABLE_MODULES = YES;
				CLANG_ENABLE_OBJC_ARC = YES;
				CLANG_WARN_BOOL_CONVERSION = YES;
				CLANG_WARN_CONSTANT_CONVERSION = YES;
				CLANG_WARN_DIRECT_OBJC_ISA_USAGE = YES_ERROR;
				CLANG_WARN_EMPTY_BODY = YES;
				CLANG_WARN_ENUM_CONVERSION = YES;
				CLANG_WARN_INT_CONVERSION = YES;
				CLANG_WARN_OBJC_ROOT_CLASS = YES_ERROR;
				CLANG_WARN_UNREACHABLE_CODE = YES;
				CLANG_WARN__DUPLICATE_METHOD_MATCH = YES;
				"CODE_SIGN_IDENTITY[sdk=iphoneos*]" = "iPhone Developer";
				COPY_PHASE_STRIP = NO;
				CURRENT_PROJECT_VERSION = 1;
				DEBUG_INFORMATION_FORMAT = dwarf;
				ENABLE_STRICT_OBJC_MSGSEND = YES;
				ENABLE_TESTABILITY = YES;
				GCC_C_LANGUAGE_STANDARD = gnu99;
				GCC_DYNAMIC_NO_PIC = NO;
				GCC_NO_COMMON_BLOCKS = YES;
				GCC_OPTIMIZATION_LEVEL = 0;
				GCC_PREPROCESSOR_DEFINITIONS = (
					"DEBUG=1",
					"$(inherited)",
				);
				GCC_WARN_64_TO_32_BIT_CONVERSION = YES;
				GCC_WARN_ABOUT_RETURN_TYPE = YES_ERROR;
				GCC_WARN_UNDECLARED_SELECTOR = YES;
				GCC_WARN_UNINITIALIZED_AUTOS = YES_AGGRESSIVE;
				GCC_WARN_UNUSED_FUNCTION = YES;
				GCC_WARN_UNUSED_VARIABLE = YES;
				IPHONEOS_DEPLOYMENT_TARGET = 9.0;
				MTL_ENABLE_DEBUG_INFO = YES;
				ONLY_ACTIVE_ARCH = YES;
				SDKROOT = appletvos;
				TARGETED_DEVICE_FAMILY = "1,2";
				VERSIONING_SYSTEM = "apple-generic";
				VERSION_INFO_PREFIX = "";
			};
			name = Debug;
		};
		1094855A1BBD7D2E009D1B46 /* Release */ = {
			isa = XCBuildConfiguration;
			buildSettings = {
				ALWAYS_SEARCH_USER_PATHS = NO;
				CLANG_CXX_LANGUAGE_STANDARD = "gnu++0x";
				CLANG_CXX_LIBRARY = "libc++";
				CLANG_ENABLE_MODULES = YES;
				CLANG_ENABLE_OBJC_ARC = YES;
				CLANG_WARN_BOOL_CONVERSION = YES;
				CLANG_WARN_CONSTANT_CONVERSION = YES;
				CLANG_WARN_DIRECT_OBJC_ISA_USAGE = YES_ERROR;
				CLANG_WARN_EMPTY_BODY = YES;
				CLANG_WARN_ENUM_CONVERSION = YES;
				CLANG_WARN_INT_CONVERSION = YES;
				CLANG_WARN_OBJC_ROOT_CLASS = YES_ERROR;
				CLANG_WARN_UNREACHABLE_CODE = YES;
				CLANG_WARN__DUPLICATE_METHOD_MATCH = YES;
				"CODE_SIGN_IDENTITY[sdk=iphoneos*]" = "iPhone Developer";
				COPY_PHASE_STRIP = NO;
				CURRENT_PROJECT_VERSION = 1;
				DEBUG_INFORMATION_FORMAT = "dwarf-with-dsym";
				ENABLE_NS_ASSERTIONS = NO;
				ENABLE_STRICT_OBJC_MSGSEND = YES;
				GCC_C_LANGUAGE_STANDARD = gnu99;
				GCC_NO_COMMON_BLOCKS = YES;
				GCC_WARN_64_TO_32_BIT_CONVERSION = YES;
				GCC_WARN_ABOUT_RETURN_TYPE = YES_ERROR;
				GCC_WARN_UNDECLARED_SELECTOR = YES;
				GCC_WARN_UNINITIALIZED_AUTOS = YES_AGGRESSIVE;
				GCC_WARN_UNUSED_FUNCTION = YES;
				GCC_WARN_UNUSED_VARIABLE = YES;
				IPHONEOS_DEPLOYMENT_TARGET = 9.0;
				MTL_ENABLE_DEBUG_INFO = NO;
				SDKROOT = appletvos;
				TARGETED_DEVICE_FAMILY = "1,2";
				VALIDATE_PRODUCT = YES;
				VERSIONING_SYSTEM = "apple-generic";
				VERSION_INFO_PREFIX = "";
			};
			name = Release;
		};
		1094855C1BBD7D2E009D1B46 /* Debug */ = {
			isa = XCBuildConfiguration;
			buildSettings = {
				ARCHS = "$(ARCHS_STANDARD)";
				CLANG_CXX_LIBRARY = "libc++";
				CLANG_ENABLE_MODULES = YES;
				CODE_SIGN_IDENTITY = "iPhone Developer";
				"CODE_SIGN_IDENTITY[sdk=iphoneos*]" = "iPhone Developer";
				DEAD_CODE_STRIPPING = YES;
				DEFINES_MODULE = YES;
				DEPLOYMENT_POSTPROCESSING = NO;
				DYLIB_COMPATIBILITY_VERSION = 1;
				DYLIB_CURRENT_VERSION = 1;
				DYLIB_INSTALL_NAME_BASE = "@rpath";
				EMBEDDED_CONTENT_CONTAINS_SWIFT = NO;
				ENABLE_BITCODE = NO;
				FRAMEWORK_SEARCH_PATHS = (
					"$(inherited)",
					"$(PROJECT_DIR)/Spil",
					"$(PROJECT_DIR)/Spil/3rd_party_frameworks/Fyber-Networks/Unity/UnityAds.bundle",
					"$(PROJECT_DIR)/Spil/3rd_party_frameworks/Fyber-Networks/Adcolony",
					"$(PROJECT_DIR)/Spil/3rd_party_frameworks/Fyber-Networks/Applovin",
					"$(PROJECT_DIR)/Spil/3rd_party_frameworks/GoogleDFP",
					"$(PROJECT_DIR)/Spil/3rd_party_frameworks/Google-Networks/Facebook",
					"$(PROJECT_DIR)/Spil/3rd_party_frameworks/Google-Networks/Millenial",
					"$(PROJECT_DIR)/Spil/3rd_party_frameworks/Fyber-Networks/Unity",
					"$(PROJECT_DIR)/Spil/3rd_party_frameworks/Chartboost",
					"$(PROJECT_DIR)/Spil/3rd_party_frameworks/Adjust",
					"$(PROJECT_DIR)/Spil/3rd_party_frameworks/Zendesk",
					"$(PROJECT_DIR)/Spil/3rd_party_frameworks/Fyber-Networks/Vungle",
				);
				GENERATE_MASTER_OBJECT_FILE = NO;
				HEADER_SEARCH_PATHS = "";
				INFOPLIST_FILE = Spil/Info.plist;
				INSTALL_PATH = "$(LOCAL_LIBRARY_DIR)/Frameworks";
				IPHONEOS_DEPLOYMENT_TARGET = 7.1;
				LD_RUNPATH_SEARCH_PATHS = "$(inherited) @executable_path/Frameworks @loader_path/Frameworks";
				LIBRARY_SEARCH_PATHS = (
					"$(inherited)",
					"$(PROJECT_DIR)/Spil",
					"$(PROJECT_DIR)/Spil/Unity",
					"$(PROJECT_DIR)/Spil/3rd_party_frameworks/Fyber",
					"$(PROJECT_DIR)/Spil/3rd_party_frameworks/Google-Networks/Facebook",
					"$(PROJECT_DIR)/Spil/3rd_party_frameworks/Google-Networks/Mopub",
					"$(PROJECT_DIR)/Spil/3rd_party_frameworks/Google-Networks/Millenial",
					"$(PROJECT_DIR)/Spil/3rd_party_frameworks/GoogleAnalytics",
					"$(PROJECT_DIR)/Spil/3rd_party_frameworks/Fyber-Networks/Vungle",
					"$(PROJECT_DIR)/Spil/3rd_party_frameworks/AppLovin/applovin-tvos-sdk-3.2.0",
				);
				LINKER_DISPLAYS_MANGLED_NAMES = NO;
				MACH_O_TYPE = staticlib;
				MODULEMAP_FILE = module.modulemap;
				ONLY_ACTIVE_ARCH = YES;
				OTHER_LDFLAGS = "-ObjC";
				OTHER_LIBTOOLFLAGS = "";
				PRODUCT_BUNDLE_IDENTIFIER = com.spilgames.Spil;
				PRODUCT_NAME = "$(TARGET_NAME)";
				SEPARATE_SYMBOL_EDIT = NO;
				SKIP_INSTALL = YES;
				STRIP_BITCODE_FROM_COPIED_FILES = NO;
				STRIP_INSTALLED_PRODUCT = NO;
				SWIFT_OPTIMIZATION_LEVEL = "-Onone";
				TARGETED_DEVICE_FAMILY = "1,2,3";
				TVOS_DEPLOYMENT_TARGET = 9.0;
				VALID_ARCHS = arm64;
			};
			name = Debug;
		};
		1094855D1BBD7D2E009D1B46 /* Release */ = {
			isa = XCBuildConfiguration;
			buildSettings = {
				ARCHS = "$(ARCHS_STANDARD)";
				CLANG_CXX_LIBRARY = "libc++";
				CLANG_ENABLE_MODULES = YES;
				CODE_SIGN_IDENTITY = "iPhone Developer";
				"CODE_SIGN_IDENTITY[sdk=iphoneos*]" = "iPhone Developer";
				DEAD_CODE_STRIPPING = YES;
				DEFINES_MODULE = YES;
				DEPLOYMENT_POSTPROCESSING = NO;
				DYLIB_COMPATIBILITY_VERSION = 1;
				DYLIB_CURRENT_VERSION = 1;
				DYLIB_INSTALL_NAME_BASE = "@rpath";
				EMBEDDED_CONTENT_CONTAINS_SWIFT = NO;
				ENABLE_BITCODE = NO;
				FRAMEWORK_SEARCH_PATHS = (
					"$(inherited)",
					"$(PROJECT_DIR)/Spil",
					"$(PROJECT_DIR)/Spil/3rd_party_frameworks/Fyber-Networks/Unity/UnityAds.bundle",
					"$(PROJECT_DIR)/Spil/3rd_party_frameworks/Fyber-Networks/Adcolony",
					"$(PROJECT_DIR)/Spil/3rd_party_frameworks/Fyber-Networks/Applovin",
					"$(PROJECT_DIR)/Spil/3rd_party_frameworks/GoogleDFP",
					"$(PROJECT_DIR)/Spil/3rd_party_frameworks/Google-Networks/Facebook",
					"$(PROJECT_DIR)/Spil/3rd_party_frameworks/Google-Networks/Millenial",
					"$(PROJECT_DIR)/Spil/3rd_party_frameworks/Fyber-Networks/Unity",
					"$(PROJECT_DIR)/Spil/3rd_party_frameworks/Chartboost",
					"$(PROJECT_DIR)/Spil/3rd_party_frameworks/Adjust",
					"$(PROJECT_DIR)/Spil/3rd_party_frameworks/Zendesk",
					"$(PROJECT_DIR)/Spil/3rd_party_frameworks/Fyber-Networks/Vungle",
				);
				GENERATE_MASTER_OBJECT_FILE = NO;
				HEADER_SEARCH_PATHS = "";
				INFOPLIST_FILE = Spil/Info.plist;
				INSTALL_PATH = "$(LOCAL_LIBRARY_DIR)/Frameworks";
				IPHONEOS_DEPLOYMENT_TARGET = 7.1;
				LD_RUNPATH_SEARCH_PATHS = "$(inherited) @executable_path/Frameworks @loader_path/Frameworks";
				LIBRARY_SEARCH_PATHS = (
					"$(inherited)",
					"$(PROJECT_DIR)/Spil",
					"$(PROJECT_DIR)/Spil/Unity",
					"$(PROJECT_DIR)/Spil/3rd_party_frameworks/Fyber",
					"$(PROJECT_DIR)/Spil/3rd_party_frameworks/Google-Networks/Facebook",
					"$(PROJECT_DIR)/Spil/3rd_party_frameworks/Google-Networks/Mopub",
					"$(PROJECT_DIR)/Spil/3rd_party_frameworks/Google-Networks/Millenial",
					"$(PROJECT_DIR)/Spil/3rd_party_frameworks/GoogleAnalytics",
					"$(PROJECT_DIR)/Spil/3rd_party_frameworks/Fyber-Networks/Vungle",
					"$(PROJECT_DIR)/Spil/3rd_party_frameworks/AppLovin/applovin-tvos-sdk-3.2.0",
				);
				LINKER_DISPLAYS_MANGLED_NAMES = NO;
				MACH_O_TYPE = staticlib;
				MODULEMAP_FILE = module.modulemap;
				ONLY_ACTIVE_ARCH = YES;
				OTHER_LDFLAGS = "-ObjC";
				OTHER_LIBTOOLFLAGS = "";
				PRODUCT_BUNDLE_IDENTIFIER = com.spilgames.Spil;
				PRODUCT_NAME = "$(TARGET_NAME)";
				SEPARATE_SYMBOL_EDIT = NO;
				SKIP_INSTALL = YES;
				STRIP_BITCODE_FROM_COPIED_FILES = NO;
				STRIP_INSTALLED_PRODUCT = NO;
				TARGETED_DEVICE_FAMILY = "1,2,3";
				TVOS_DEPLOYMENT_TARGET = 9.0;
				VALID_ARCHS = arm64;
			};
			name = Release;
		};
/* End XCBuildConfiguration section */

/* Begin XCConfigurationList section */
		109485411BBD7D2D009D1B46 /* Build configuration list for PBXProject "SpilTV" */ = {
			isa = XCConfigurationList;
			buildConfigurations = (
				109485591BBD7D2E009D1B46 /* Debug */,
				1094855A1BBD7D2E009D1B46 /* Release */,
			);
			defaultConfigurationIsVisible = 0;
			defaultConfigurationName = Release;
		};
		1094855B1BBD7D2E009D1B46 /* Build configuration list for PBXNativeTarget "SpilTV" */ = {
			isa = XCConfigurationList;
			buildConfigurations = (
				1094855C1BBD7D2E009D1B46 /* Debug */,
				1094855D1BBD7D2E009D1B46 /* Release */,
			);
			defaultConfigurationIsVisible = 0;
			defaultConfigurationName = Release;
		};
/* End XCConfigurationList section */
	};
	rootObject = 1094853E1BBD7D2D009D1B46 /* Project object */;
}
